Microsoft Visual Studio Solution File, Format Version 12.00
# Visual Studio Version 17
VisualStudioVersion = 17.5.2.0
MinimumVisualStudioVersion = 10.0.40219.1
Project("{FAE04EC0-301F-11D3-BF4B-00C04F79EFBC}") = "AppApi", "AppApi.csproj", "{1C2EFADA-1D32-698A-4F0E-3B009BE657B6}"
EndProject
Global
	GlobalSection(SolutionConfigurationPlatforms) = preSolution
		Debug|Any CPU = Debug|Any CPU
		Release|Any CPU = Release|Any CPU
	EndGlobalSection
	GlobalSection(ProjectConfigurationPlatforms) = postSolution
		{1C2EFADA-1D32-698A-4F0E-3B009BE657B6}.Debug|Any CPU.ActiveCfg = Debug|Any CPU
		{1C2EFADA-1D32-698A-4F0E-3B009BE657B6}.Debug|Any CPU.Build.0 = Debug|Any CPU
		{1C2EFADA-1D32-698A-4F0E-3B009BE657B6}.Release|Any CPU.ActiveCfg = Release|Any CPU
		{1C2EFADA-1D32-698A-4F0E-3B009BE657B6}.Release|Any CPU.Build.0 = Release|Any CPU
	EndGlobalSection
	GlobalSection(SolutionProperties) = preSolution
		HideSolutionNode = FALSE
	EndGlobalSection
	GlobalSection(ExtensibilityGlobals) = postSolution
		SolutionGuid = {C4ABF352-D58E-4054-89C5-C18BA4194D19}
	EndGlobalSection
EndGlobal
